
Microsoft Visual Studio Solution File, Format Version 12.00
# Visual Studio 15
VisualStudioVersion = 15.0.27703.2047
MinimumVisualStudioVersion = 10.0.40219.1
Project("{FAE04EC0-301F-11D3-BF4B-00C04F79EFBC}") = "Server_SignalR", "AppService\Server_SignalR\Server_SignalR.csproj", "{82164DE9-B68D-434D-ACF7-C80FCFE7AD4E}"
EndProject
Project("{2150E333-8FDC-42A3-9474-1A3956D46DE8}") = "AppService", "AppService", "{A229793F-7AC5-401E-B208-21E2F12B67ED}"
EndProject
Project("{FAE04EC0-301F-11D3-BF4B-00C04F79EFBC}") = "Client_Chat.Android", "AppClient\Client_Chat\Client_Chat.Android\Client_Chat.Android.csproj", "{A50AF4DC-827A-4307-864E-A943BDB02341}"
EndProject
Project("{FAE04EC0-301F-11D3-BF4B-00C04F79EFBC}") = "Client_Chat.iOS", "AppClient\Client_Chat\Client_Chat.iOS\Client_Chat.iOS.csproj", "{C176CE07-920B-44B9-B05B-5308C1CA81F3}"
EndProject
Project("{FAE04EC0-301F-11D3-BF4B-00C04F79EFBC}") = "Client_Chat.UWP", "AppClient\Client_Chat\Client_Chat.UWP\Client_Chat.UWP.csproj", "{E3A98386-ED70-48DE-B6C6-A44A266AD514}"
EndProject
Project("{9A19103F-16F7-4668-BE54-9A1E7A4F7556}") = "Client_Chat", "AppClient\Client_Chat\Client_Chat\Client_Chat.csproj", "{85F611BB-3C9D-476C-81FC-B04F0AFE3223}"
EndProject
Project("{2150E333-8FDC-42A3-9474-1A3956D46DE8}") = "AppClient", "AppClient", "{75D576CB-66A0-453A-8193-363412485CA6}"
EndProject
Global
	GlobalSection(SolutionConfigurationPlatforms) = preSolution
		Ad-Hoc|Any CPU = Ad-Hoc|Any CPU
		Ad-Hoc|ARM = Ad-Hoc|ARM
		Ad-Hoc|iPhone = Ad-Hoc|iPhone
		Ad-Hoc|iPhoneSimulator = Ad-Hoc|iPhoneSimulator
		Ad-Hoc|x64 = Ad-Hoc|x64
		Ad-Hoc|x86 = Ad-Hoc|x86
		AppStore|Any CPU = AppStore|Any CPU
		AppStore|ARM = AppStore|ARM
		AppStore|iPhone = AppStore|iPhone
		AppStore|iPhoneSimulator = AppStore|iPhoneSimulator
		AppStore|x64 = AppStore|x64
		AppStore|x86 = AppStore|x86
		Debug|Any CPU = Debug|Any CPU
		Debug|ARM = Debug|ARM
		Debug|iPhone = Debug|iPhone
		Debug|iPhoneSimulator = Debug|iPhoneSimulator
		Debug|x64 = Debug|x64
		Debug|x86 = Debug|x86
		Release|Any CPU = Release|Any CPU
		Release|ARM = Release|ARM
		Release|iPhone = Release|iPhone
		Release|iPhoneSimulator = Release|iPhoneSimulator
		Release|x64 = Release|x64
		Release|x86 = Release|x86
	EndGlobalSection
	GlobalSection(ProjectConfigurationPlatforms) = postSolution
		{82164DE9-B68D-434D-ACF7-C80FCFE7AD4E}.Ad-Hoc|Any CPU.ActiveCfg = Release|Any CPU
		{82164DE9-B68D-434D-ACF7-C80FCFE7AD4E}.Ad-Hoc|Any CPU.Build.0 = Release|Any CPU
		{82164DE9-B68D-434D-ACF7-C80FCFE7AD4E}.Ad-Hoc|ARM.ActiveCfg = Release|Any CPU
		{82164DE9-B68D-434D-ACF7-C80FCFE7AD4E}.Ad-Hoc|ARM.Build.0 = Release|Any CPU
		{82164DE9-B68D-434D-ACF7-C80FCFE7AD4E}.Ad-Hoc|iPhone.ActiveCfg = Release|Any CPU
		{82164DE9-B68D-434D-ACF7-C80FCFE7AD4E}.Ad-Hoc|iPhone.Build.0 = Release|Any CPU
		{82164DE9-B68D-434D-ACF7-C80FCFE7AD4E}.Ad-Hoc|iPhoneSimulator.ActiveCfg = Release|Any CPU
		{82164DE9-B68D-434D-ACF7-C80FCFE7AD4E}.Ad-Hoc|iPhoneSimulator.Build.0 = Release|Any CPU
		{82164DE9-B68D-434D-ACF7-C80FCFE7AD4E}.Ad-Hoc|x64.ActiveCfg = Release|Any CPU
		{82164DE9-B68D-434D-ACF7-C80FCFE7AD4E}.Ad-Hoc|x64.Build.0 = Release|Any CPU
		{82164DE9-B68D-434D-ACF7-C80FCFE7AD4E}.Ad-Hoc|x86.ActiveCfg = Release|Any CPU
		{82164DE9-B68D-434D-ACF7-C80FCFE7AD4E}.Ad-Hoc|x86.Build.0 = Release|Any CPU
		{82164DE9-B68D-434D-ACF7-C80FCFE7AD4E}.AppStore|Any CPU.ActiveCfg = Release|Any CPU
		{82164DE9-B68D-434D-ACF7-C80FCFE7AD4E}.AppStore|Any CPU.Build.0 = Release|Any CPU
		{82164DE9-B68D-434D-ACF7-C80FCFE7AD4E}.AppStore|ARM.ActiveCfg = Release|Any CPU
		{82164DE9-B68D-434D-ACF7-C80FCFE7AD4E}.AppStore|ARM.Build.0 = Release|Any CPU
		{82164DE9-B68D-434D-ACF7-C80FCFE7AD4E}.AppStore|iPhone.ActiveCfg = Release|Any CPU
		{82164DE9-B68D-434D-ACF7-C80FCFE7AD4E}.AppStore|iPhone.Build.0 = Release|Any CPU
		{82164DE9-B68D-434D-ACF7-C80FCFE7AD4E}.AppStore|iPhoneSimulator.ActiveCfg = Release|Any CPU
		{82164DE9-B68D-434D-ACF7-C80FCFE7AD4E}.AppStore|iPhoneSimulator.Build.0 = Release|Any CPU
		{82164DE9-B68D-434D-ACF7-C80FCFE7AD4E}.AppStore|x64.ActiveCfg = Release|Any CPU
		{82164DE9-B68D-434D-ACF7-C80FCFE7AD4E}.AppStore|x64.Build.0 = Release|Any CPU
		{82164DE9-B68D-434D-ACF7-C80FCFE7AD4E}.AppStore|x86.ActiveCfg = Release|Any CPU
		{82164DE9-B68D-434D-ACF7-C80FCFE7AD4E}.AppStore|x86.Build.0 = Release|Any CPU
		{82164DE9-B68D-434D-ACF7-C80FCFE7AD4E}.Debug|Any CPU.ActiveCfg = Debug|Any CPU
		{82164DE9-B68D-434D-ACF7-C80FCFE7AD4E}.Debug|Any CPU.Build.0 = Debug|Any CPU
		{82164DE9-B68D-434D-ACF7-C80FCFE7AD4E}.Debug|ARM.ActiveCfg = Debug|Any CPU
		{82164DE9-B68D-434D-ACF7-C80FCFE7AD4E}.Debug|ARM.Build.0 = Debug|Any CPU
		{82164DE9-B68D-434D-ACF7-C80FCFE7AD4E}.Debug|iPhone.ActiveCfg = Debug|Any CPU
		{82164DE9-B68D-434D-ACF7-C80FCFE7AD4E}.Debug|iPhone.Build.0 = Debug|Any CPU
		{82164DE9-B68D-434D-ACF7-C80FCFE7AD4E}.Debug|iPhoneSimulator.ActiveCfg = Debug|Any CPU
		{82164DE9-B68D-434D-ACF7-C80FCFE7AD4E}.Debug|iPhoneSimulator.Build.0 = Debug|Any CPU
		{82164DE9-B68D-434D-ACF7-C80FCFE7AD4E}.Debug|x64.ActiveCfg = Debug|Any CPU
		{82164DE9-B68D-434D-ACF7-C80FCFE7AD4E}.Debug|x64.Build.0 = Debug|Any CPU
		{82164DE9-B68D-434D-ACF7-C80FCFE7AD4E}.Debug|x86.ActiveCfg = Debug|Any CPU
		{82164DE9-B68D-434D-ACF7-C80FCFE7AD4E}.Debug|x86.Build.0 = Debug|Any CPU
		{82164DE9-B68D-434D-ACF7-C80FCFE7AD4E}.Release|Any CPU.ActiveCfg = Release|Any CPU
		{82164DE9-B68D-434D-ACF7-C80FCFE7AD4E}.Release|Any CPU.Build.0 = Release|Any CPU
		{82164DE9-B68D-434D-ACF7-C80FCFE7AD4E}.Release|ARM.ActiveCfg = Release|Any CPU
		{82164DE9-B68D-434D-ACF7-C80FCFE7AD4E}.Release|ARM.Build.0 = Release|Any CPU
		{82164DE9-B68D-434D-ACF7-C80FCFE7AD4E}.Release|iPhone.ActiveCfg = Release|Any CPU
		{82164DE9-B68D-434D-ACF7-C80FCFE7AD4E}.Release|iPhone.Build.0 = Release|Any CPU
		{82164DE9-B68D-434D-ACF7-C80FCFE7AD4E}.Release|iPhoneSimulator.ActiveCfg = Release|Any CPU
		{82164DE9-B68D-434D-ACF7-C80FCFE7AD4E}.Release|iPhoneSimulator.Build.0 = Release|Any CPU
		{82164DE9-B68D-434D-ACF7-C80FCFE7AD4E}.Release|x64.ActiveCfg = Release|Any CPU
		{82164DE9-B68D-434D-ACF7-C80FCFE7AD4E}.Release|x64.Build.0 = Release|Any CPU
		{82164DE9-B68D-434D-ACF7-C80FCFE7AD4E}.Release|x86.ActiveCfg = Release|Any CPU
		{82164DE9-B68D-434D-ACF7-C80FCFE7AD4E}.Release|x86.Build.0 = Release|Any CPU
		{A50AF4DC-827A-4307-864E-A943BDB02341}.Ad-Hoc|Any CPU.ActiveCfg = Release|Any CPU
		{A50AF4DC-827A-4307-864E-A943BDB02341}.Ad-Hoc|Any CPU.Build.0 = Release|Any CPU
		{A50AF4DC-827A-4307-864E-A943BDB02341}.Ad-Hoc|Any CPU.Deploy.0 = Release|Any CPU
		{A50AF4DC-827A-4307-864E-A943BDB02341}.Ad-Hoc|ARM.ActiveCfg = Release|Any CPU
		{A50AF4DC-827A-4307-864E-A943BDB02341}.Ad-Hoc|ARM.Build.0 = Release|Any CPU
		{A50AF4DC-827A-4307-864E-A943BDB02341}.Ad-Hoc|ARM.Deploy.0 = Release|Any CPU
		{A50AF4DC-827A-4307-864E-A943BDB02341}.Ad-Hoc|iPhone.ActiveCfg = Release|Any CPU
		{A50AF4DC-827A-4307-864E-A943BDB02341}.Ad-Hoc|iPhone.Build.0 = Release|Any CPU
		{A50AF4DC-827A-4307-864E-A943BDB02341}.Ad-Hoc|iPhone.Deploy.0 = Release|Any CPU
		{A50AF4DC-827A-4307-864E-A943BDB02341}.Ad-Hoc|iPhoneSimulator.ActiveCfg = Release|Any CPU
		{A50AF4DC-827A-4307-864E-A943BDB02341}.Ad-Hoc|iPhoneSimulator.Build.0 = Release|Any CPU
		{A50AF4DC-827A-4307-864E-A943BDB02341}.Ad-Hoc|iPhoneSimulator.Deploy.0 = Release|Any CPU
		{A50AF4DC-827A-4307-864E-A943BDB02341}.Ad-Hoc|x64.ActiveCfg = Release|Any CPU
		{A50AF4DC-827A-4307-864E-A943BDB02341}.Ad-Hoc|x64.Build.0 = Release|Any CPU
		{A50AF4DC-827A-4307-864E-A943BDB02341}.Ad-Hoc|x64.Deploy.0 = Release|Any CPU
		{A50AF4DC-827A-4307-864E-A943BDB02341}.Ad-Hoc|x86.ActiveCfg = Release|Any CPU
		{A50AF4DC-827A-4307-864E-A943BDB02341}.Ad-Hoc|x86.Build.0 = Release|Any CPU
		{A50AF4DC-827A-4307-864E-A943BDB02341}.Ad-Hoc|x86.Deploy.0 = Release|Any CPU
		{A50AF4DC-827A-4307-864E-A943BDB02341}.AppStore|Any CPU.ActiveCfg = Release|Any CPU
		{A50AF4DC-827A-4307-864E-A943BDB02341}.AppStore|Any CPU.Build.0 = Release|Any CPU
		{A50AF4DC-827A-4307-864E-A943BDB02341}.AppStore|Any CPU.Deploy.0 = Release|Any CPU
		{A50AF4DC-827A-4307-864E-A943BDB02341}.AppStore|ARM.ActiveCfg = Release|Any CPU
		{A50AF4DC-827A-4307-864E-A943BDB02341}.AppStore|ARM.Build.0 = Release|Any CPU
		{A50AF4DC-827A-4307-864E-A943BDB02341}.AppStore|ARM.Deploy.0 = Release|Any CPU
		{A50AF4DC-827A-4307-864E-A943BDB02341}.AppStore|iPhone.ActiveCfg = Release|Any CPU
		{A50AF4DC-827A-4307-864E-A943BDB02341}.AppStore|iPhone.Build.0 = Release|Any CPU
		{A50AF4DC-827A-4307-864E-A943BDB02341}.AppStore|iPhone.Deploy.0 = Release|Any CPU
		{A50AF4DC-827A-4307-864E-A943BDB02341}.AppStore|iPhoneSimulator.ActiveCfg = Release|Any CPU
		{A50AF4DC-827A-4307-864E-A943BDB02341}.AppStore|iPhoneSimulator.Build.0 = Release|Any CPU
		{A50AF4DC-827A-4307-864E-A943BDB02341}.AppStore|iPhoneSimulator.Deploy.0 = Release|Any CPU
		{A50AF4DC-827A-4307-864E-A943BDB02341}.AppStore|x64.ActiveCfg = Release|Any CPU
		{A50AF4DC-827A-4307-864E-A943BDB02341}.AppStore|x64.Build.0 = Release|Any CPU
		{A50AF4DC-827A-4307-864E-A943BDB02341}.AppStore|x64.Deploy.0 = Release|Any CPU
		{A50AF4DC-827A-4307-864E-A943BDB02341}.AppStore|x86.ActiveCfg = Release|Any CPU
		{A50AF4DC-827A-4307-864E-A943BDB02341}.AppStore|x86.Build.0 = Release|Any CPU
		{A50AF4DC-827A-4307-864E-A943BDB02341}.AppStore|x86.Deploy.0 = Release|Any CPU
		{A50AF4DC-827A-4307-864E-A943BDB02341}.Debug|Any CPU.ActiveCfg = Debug|Any CPU
		{A50AF4DC-827A-4307-864E-A943BDB02341}.Debug|Any CPU.Build.0 = Debug|Any CPU
		{A50AF4DC-827A-4307-864E-A943BDB02341}.Debug|Any CPU.Deploy.0 = Debug|Any CPU
		{A50AF4DC-827A-4307-864E-A943BDB02341}.Debug|ARM.ActiveCfg = Debug|Any CPU
		{A50AF4DC-827A-4307-864E-A943BDB02341}.Debug|ARM.Build.0 = Debug|Any CPU
		{A50AF4DC-827A-4307-864E-A943BDB02341}.Debug|ARM.Deploy.0 = Debug|Any CPU
		{A50AF4DC-827A-4307-864E-A943BDB02341}.Debug|iPhone.ActiveCfg = Debug|Any CPU
		{A50AF4DC-827A-4307-864E-A943BDB02341}.Debug|iPhone.Build.0 = Debug|Any CPU
		{A50AF4DC-827A-4307-864E-A943BDB02341}.Debug|iPhone.Deploy.0 = Debug|Any CPU
		{A50AF4DC-827A-4307-864E-A943BDB02341}.Debug|iPhoneSimulator.ActiveCfg = Debug|Any CPU
		{A50AF4DC-827A-4307-864E-A943BDB02341}.Debug|iPhoneSimulator.Build.0 = Debug|Any CPU
		{A50AF4DC-827A-4307-864E-A943BDB02341}.Debug|iPhoneSimulator.Deploy.0 = Debug|Any CPU
		{A50AF4DC-827A-4307-864E-A943BDB02341}.Debug|x64.ActiveCfg = Debug|Any CPU
		{A50AF4DC-827A-4307-864E-A943BDB02341}.Debug|x64.Build.0 = Debug|Any CPU
		{A50AF4DC-827A-4307-864E-A943BDB02341}.Debug|x64.Deploy.0 = Debug|Any CPU
		{A50AF4DC-827A-4307-864E-A943BDB02341}.Debug|x86.ActiveCfg = Debug|Any CPU
		{A50AF4DC-827A-4307-864E-A943BDB02341}.Debug|x86.Build.0 = Debug|Any CPU
		{A50AF4DC-827A-4307-864E-A943BDB02341}.Debug|x86.Deploy.0 = Debug|Any CPU
		{A50AF4DC-827A-4307-864E-A943BDB02341}.Release|Any CPU.ActiveCfg = Release|Any CPU
		{A50AF4DC-827A-4307-864E-A943BDB02341}.Release|Any CPU.Build.0 = Release|Any CPU
		{A50AF4DC-827A-4307-864E-A943BDB02341}.Release|Any CPU.Deploy.0 = Release|Any CPU
		{A50AF4DC-827A-4307-864E-A943BDB02341}.Release|ARM.ActiveCfg = Release|Any CPU
		{A50AF4DC-827A-4307-864E-A943BDB02341}.Release|ARM.Build.0 = Release|Any CPU
		{A50AF4DC-827A-4307-864E-A943BDB02341}.Release|ARM.Deploy.0 = Release|Any CPU
		{A50AF4DC-827A-4307-864E-A943BDB02341}.Release|iPhone.ActiveCfg = Release|Any CPU
		{A50AF4DC-827A-4307-864E-A943BDB02341}.Release|iPhone.Build.0 = Release|Any CPU
		{A50AF4DC-827A-4307-864E-A943BDB02341}.Release|iPhone.Deploy.0 = Release|Any CPU
		{A50AF4DC-827A-4307-864E-A943BDB02341}.Release|iPhoneSimulator.ActiveCfg = Release|Any CPU
		{A50AF4DC-827A-4307-864E-A943BDB02341}.Release|iPhoneSimulator.Build.0 = Release|Any CPU
		{A50AF4DC-827A-4307-864E-A943BDB02341}.Release|iPhoneSimulator.Deploy.0 = Release|Any CPU
		{A50AF4DC-827A-4307-864E-A943BDB02341}.Release|x64.ActiveCfg = Release|Any CPU
		{A50AF4DC-827A-4307-864E-A943BDB02341}.Release|x64.Build.0 = Release|Any CPU
		{A50AF4DC-827A-4307-864E-A943BDB02341}.Release|x64.Deploy.0 = Release|Any CPU
		{A50AF4DC-827A-4307-864E-A943BDB02341}.Release|x86.ActiveCfg = Release|Any CPU
		{A50AF4DC-827A-4307-864E-A943BDB02341}.Release|x86.Build.0 = Release|Any CPU
		{A50AF4DC-827A-4307-864E-A943BDB02341}.Release|x86.Deploy.0 = Release|Any CPU
		{C176CE07-920B-44B9-B05B-5308C1CA81F3}.Ad-Hoc|Any CPU.ActiveCfg = Ad-Hoc|iPhone
		{C176CE07-920B-44B9-B05B-5308C1CA81F3}.Ad-Hoc|ARM.ActiveCfg = Ad-Hoc|iPhone
		{C176CE07-920B-44B9-B05B-5308C1CA81F3}.Ad-Hoc|iPhone.ActiveCfg = Ad-Hoc|iPhone
		{C176CE07-920B-44B9-B05B-5308C1CA81F3}.Ad-Hoc|iPhone.Build.0 = Ad-Hoc|iPhone
		{C176CE07-920B-44B9-B05B-5308C1CA81F3}.Ad-Hoc|iPhoneSimulator.ActiveCfg = Ad-Hoc|iPhoneSimulator
		{C176CE07-920B-44B9-B05B-5308C1CA81F3}.Ad-Hoc|iPhoneSimulator.Build.0 = Ad-Hoc|iPhoneSimulator
		{C176CE07-920B-44B9-B05B-5308C1CA81F3}.Ad-Hoc|x64.ActiveCfg = Ad-Hoc|iPhone
		{C176CE07-920B-44B9-B05B-5308C1CA81F3}.Ad-Hoc|x86.ActiveCfg = Ad-Hoc|iPhone
		{C176CE07-920B-44B9-B05B-5308C1CA81F3}.AppStore|Any CPU.ActiveCfg = AppStore|iPhone
		{C176CE07-920B-44B9-B05B-5308C1CA81F3}.AppStore|ARM.ActiveCfg = AppStore|iPhone
		{C176CE07-920B-44B9-B05B-5308C1CA81F3}.AppStore|iPhone.ActiveCfg = AppStore|iPhone
		{C176CE07-920B-44B9-B05B-5308C1CA81F3}.AppStore|iPhone.Build.0 = AppStore|iPhone
		{C176CE07-920B-44B9-B05B-5308C1CA81F3}.AppStore|iPhoneSimulator.ActiveCfg = AppStore|iPhoneSimulator
		{C176CE07-920B-44B9-B05B-5308C1CA81F3}.AppStore|iPhoneSimulator.Build.0 = AppStore|iPhoneSimulator
		{C176CE07-920B-44B9-B05B-5308C1CA81F3}.AppStore|x64.ActiveCfg = AppStore|iPhone
		{C176CE07-920B-44B9-B05B-5308C1CA81F3}.AppStore|x86.ActiveCfg = AppStore|iPhone
		{C176CE07-920B-44B9-B05B-5308C1CA81F3}.Debug|Any CPU.ActiveCfg = Debug|iPhone
		{C176CE07-920B-44B9-B05B-5308C1CA81F3}.Debug|ARM.ActiveCfg = Debug|iPhone
		{C176CE07-920B-44B9-B05B-5308C1CA81F3}.Debug|iPhone.ActiveCfg = Debug|iPhone
		{C176CE07-920B-44B9-B05B-5308C1CA81F3}.Debug|iPhone.Build.0 = Debug|iPhone
		{C176CE07-920B-44B9-B05B-5308C1CA81F3}.Debug|iPhoneSimulator.ActiveCfg = Debug|iPhoneSimulator
		{C176CE07-920B-44B9-B05B-5308C1CA81F3}.Debug|iPhoneSimulator.Build.0 = Debug|iPhoneSimulator
		{C176CE07-920B-44B9-B05B-5308C1CA81F3}.Debug|x64.ActiveCfg = Debug|iPhone
		{C176CE07-920B-44B9-B05B-5308C1CA81F3}.Debug|x86.ActiveCfg = Debug|iPhone
		{C176CE07-920B-44B9-B05B-5308C1CA81F3}.Release|Any CPU.ActiveCfg = Release|iPhone
		{C176CE07-920B-44B9-B05B-5308C1CA81F3}.Release|ARM.ActiveCfg = Release|iPhone
		{C176CE07-920B-44B9-B05B-5308C1CA81F3}.Release|iPhone.ActiveCfg = Release|iPhone
		{C176CE07-920B-44B9-B05B-5308C1CA81F3}.Release|iPhone.Build.0 = Release|iPhone
		{C176CE07-920B-44B9-B05B-5308C1CA81F3}.Release|iPhoneSimulator.ActiveCfg = Release|iPhoneSimulator
		{C176CE07-920B-44B9-B05B-5308C1CA81F3}.Release|iPhoneSimulator.Build.0 = Release|iPhoneSimulator
		{C176CE07-920B-44B9-B05B-5308C1CA81F3}.Release|x64.ActiveCfg = Release|iPhone
		{C176CE07-920B-44B9-B05B-5308C1CA81F3}.Release|x86.ActiveCfg = Release|iPhone
		{E3A98386-ED70-48DE-B6C6-A44A266AD514}.Ad-Hoc|Any CPU.ActiveCfg = Release|x86
		{E3A98386-ED70-48DE-B6C6-A44A266AD514}.Ad-Hoc|Any CPU.Build.0 = Release|x86
		{E3A98386-ED70-48DE-B6C6-A44A266AD514}.Ad-Hoc|Any CPU.Deploy.0 = Release|x86
		{E3A98386-ED70-48DE-B6C6-A44A266AD514}.Ad-Hoc|ARM.ActiveCfg = Release|ARM
		{E3A98386-ED70-48DE-B6C6-A44A266AD514}.Ad-Hoc|ARM.Build.0 = Release|ARM
		{E3A98386-ED70-48DE-B6C6-A44A266AD514}.Ad-Hoc|ARM.Deploy.0 = Release|ARM
		{E3A98386-ED70-48DE-B6C6-A44A266AD514}.Ad-Hoc|iPhone.ActiveCfg = Release|x86
		{E3A98386-ED70-48DE-B6C6-A44A266AD514}.Ad-Hoc|iPhone.Build.0 = Release|x86
		{E3A98386-ED70-48DE-B6C6-A44A266AD514}.Ad-Hoc|iPhone.Deploy.0 = Release|x86
		{E3A98386-ED70-48DE-B6C6-A44A266AD514}.Ad-Hoc|iPhoneSimulator.ActiveCfg = Release|x86
		{E3A98386-ED70-48DE-B6C6-A44A266AD514}.Ad-Hoc|iPhoneSimulator.Build.0 = Release|x86
		{E3A98386-ED70-48DE-B6C6-A44A266AD514}.Ad-Hoc|iPhoneSimulator.Deploy.0 = Release|x86
		{E3A98386-ED70-48DE-B6C6-A44A266AD514}.Ad-Hoc|x64.ActiveCfg = Release|x64
		{E3A98386-ED70-48DE-B6C6-A44A266AD514}.Ad-Hoc|x64.Build.0 = Release|x64
		{E3A98386-ED70-48DE-B6C6-A44A266AD514}.Ad-Hoc|x64.Deploy.0 = Release|x64
		{E3A98386-ED70-48DE-B6C6-A44A266AD514}.Ad-Hoc|x86.ActiveCfg = Release|x86
		{E3A98386-ED70-48DE-B6C6-A44A266AD514}.Ad-Hoc|x86.Build.0 = Release|x86
		{E3A98386-ED70-48DE-B6C6-A44A266AD514}.Ad-Hoc|x86.Deploy.0 = Release|x86
		{E3A98386-ED70-48DE-B6C6-A44A266AD514}.AppStore|Any CPU.ActiveCfg = Release|x86
		{E3A98386-ED70-48DE-B6C6-A44A266AD514}.AppStore|Any CPU.Build.0 = Release|x86
		{E3A98386-ED70-48DE-B6C6-A44A266AD514}.AppStore|Any CPU.Deploy.0 = Release|x86
		{E3A98386-ED70-48DE-B6C6-A44A266AD514}.AppStore|ARM.ActiveCfg = Release|ARM
		{E3A98386-ED70-48DE-B6C6-A44A266AD514}.AppStore|ARM.Build.0 = Release|ARM
		{E3A98386-ED70-48DE-B6C6-A44A266AD514}.AppStore|ARM.Deploy.0 = Release|ARM
		{E3A98386-ED70-48DE-B6C6-A44A266AD514}.AppStore|iPhone.ActiveCfg = Release|x86
		{E3A98386-ED70-48DE-B6C6-A44A266AD514}.AppStore|iPhone.Build.0 = Release|x86
		{E3A98386-ED70-48DE-B6C6-A44A266AD514}.AppStore|iPhone.Deploy.0 = Release|x86
		{E3A98386-ED70-48DE-B6C6-A44A266AD514}.AppStore|iPhoneSimulator.ActiveCfg = Release|x86
		{E3A98386-ED70-48DE-B6C6-A44A266AD514}.AppStore|iPhoneSimulator.Build.0 = Release|x86
		{E3A98386-ED70-48DE-B6C6-A44A266AD514}.AppStore|iPhoneSimulator.Deploy.0 = Release|x86
		{E3A98386-ED70-48DE-B6C6-A44A266AD514}.AppStore|x64.ActiveCfg = Release|x64
		{E3A98386-ED70-48DE-B6C6-A44A266AD514}.AppStore|x64.Build.0 = Release|x64
		{E3A98386-ED70-48DE-B6C6-A44A266AD514}.AppStore|x64.Deploy.0 = Release|x64
		{E3A98386-ED70-48DE-B6C6-A44A266AD514}.AppStore|x86.ActiveCfg = Release|x86
		{E3A98386-ED70-48DE-B6C6-A44A266AD514}.AppStore|x86.Build.0 = Release|x86
		{E3A98386-ED70-48DE-B6C6-A44A266AD514}.AppStore|x86.Deploy.0 = Release|x86
		{E3A98386-ED70-48DE-B6C6-A44A266AD514}.Debug|Any CPU.ActiveCfg = Debug|x86
		{E3A98386-ED70-48DE-B6C6-A44A266AD514}.Debug|ARM.ActiveCfg = Debug|ARM
		{E3A98386-ED70-48DE-B6C6-A44A266AD514}.Debug|ARM.Build.0 = Debug|ARM
		{E3A98386-ED70-48DE-B6C6-A44A266AD514}.Debug|ARM.Deploy.0 = Debug|ARM
		{E3A98386-ED70-48DE-B6C6-A44A266AD514}.Debug|iPhone.ActiveCfg = Debug|x86
		{E3A98386-ED70-48DE-B6C6-A44A266AD514}.Debug|iPhoneSimulator.ActiveCfg = Debug|x86
		{E3A98386-ED70-48DE-B6C6-A44A266AD514}.Debug|x64.ActiveCfg = Debug|x64
		{E3A98386-ED70-48DE-B6C6-A44A266AD514}.Debug|x64.Build.0 = Debug|x64
		{E3A98386-ED70-48DE-B6C6-A44A266AD514}.Debug|x64.Deploy.0 = Debug|x64
		{E3A98386-ED70-48DE-B6C6-A44A266AD514}.Debug|x86.ActiveCfg = Debug|x86
		{E3A98386-ED70-48DE-B6C6-A44A266AD514}.Debug|x86.Build.0 = Debug|x86
		{E3A98386-ED70-48DE-B6C6-A44A266AD514}.Debug|x86.Deploy.0 = Debug|x86
		{E3A98386-ED70-48DE-B6C6-A44A266AD514}.Release|Any CPU.ActiveCfg = Release|x86
		{E3A98386-ED70-48DE-B6C6-A44A266AD514}.Release|ARM.ActiveCfg = Release|ARM
		{E3A98386-ED70-48DE-B6C6-A44A266AD514}.Release|ARM.Build.0 = Release|ARM
		{E3A98386-ED70-48DE-B6C6-A44A266AD514}.Release|ARM.Deploy.0 = Release|ARM
		{E3A98386-ED70-48DE-B6C6-A44A266AD514}.Release|iPhone.ActiveCfg = Release|x86
		{E3A98386-ED70-48DE-B6C6-A44A266AD514}.Release|iPhoneSimulator.ActiveCfg = Release|x86
		{E3A98386-ED70-48DE-B6C6-A44A266AD514}.Release|x64.ActiveCfg = Release|x64
		{E3A98386-ED70-48DE-B6C6-A44A266AD514}.Release|x64.Build.0 = Release|x64
		{E3A98386-ED70-48DE-B6C6-A44A266AD514}.Release|x64.Deploy.0 = Release|x64
		{E3A98386-ED70-48DE-B6C6-A44A266AD514}.Release|x86.ActiveCfg = Release|x86
		{E3A98386-ED70-48DE-B6C6-A44A266AD514}.Release|x86.Build.0 = Release|x86
		{E3A98386-ED70-48DE-B6C6-A44A266AD514}.Release|x86.Deploy.0 = Release|x86
		{85F611BB-3C9D-476C-81FC-B04F0AFE3223}.Ad-Hoc|Any CPU.ActiveCfg = Debug|Any CPU
		{85F611BB-3C9D-476C-81FC-B04F0AFE3223}.Ad-Hoc|Any CPU.Build.0 = Debug|Any CPU
		{85F611BB-3C9D-476C-81FC-B04F0AFE3223}.Ad-Hoc|ARM.ActiveCfg = Debug|Any CPU
		{85F611BB-3C9D-476C-81FC-B04F0AFE3223}.Ad-Hoc|ARM.Build.0 = Debug|Any CPU
		{85F611BB-3C9D-476C-81FC-B04F0AFE3223}.Ad-Hoc|iPhone.ActiveCfg = Debug|Any CPU
		{85F611BB-3C9D-476C-81FC-B04F0AFE3223}.Ad-Hoc|iPhone.Build.0 = Debug|Any CPU
		{85F611BB-3C9D-476C-81FC-B04F0AFE3223}.Ad-Hoc|iPhoneSimulator.ActiveCfg = Debug|Any CPU
		{85F611BB-3C9D-476C-81FC-B04F0AFE3223}.Ad-Hoc|iPhoneSimulator.Build.0 = Debug|Any CPU
		{85F611BB-3C9D-476C-81FC-B04F0AFE3223}.Ad-Hoc|x64.ActiveCfg = Debug|Any CPU
		{85F611BB-3C9D-476C-81FC-B04F0AFE3223}.Ad-Hoc|x64.Build.0 = Debug|Any CPU
		{85F611BB-3C9D-476C-81FC-B04F0AFE3223}.Ad-Hoc|x86.ActiveCfg = Debug|Any CPU
		{85F611BB-3C9D-476C-81FC-B04F0AFE3223}.Ad-Hoc|x86.Build.0 = Debug|Any CPU
		{85F611BB-3C9D-476C-81FC-B04F0AFE3223}.AppStore|Any CPU.ActiveCfg = Debug|Any CPU
		{85F611BB-3C9D-476C-81FC-B04F0AFE3223}.AppStore|Any CPU.Build.0 = Debug|Any CPU
		{85F611BB-3C9D-476C-81FC-B04F0AFE3223}.AppStore|ARM.ActiveCfg = Debug|Any CPU
		{85F611BB-3C9D-476C-81FC-B04F0AFE3223}.AppStore|ARM.Build.0 = Debug|Any CPU
		{85F611BB-3C9D-476C-81FC-B04F0AFE3223}.AppStore|iPhone.ActiveCfg = Debug|Any CPU
		{85F611BB-3C9D-476C-81FC-B04F0AFE3223}.AppStore|iPhone.Build.0 = Debug|Any CPU
		{85F611BB-3C9D-476C-81FC-B04F0AFE3223}.AppStore|iPhoneSimulator.ActiveCfg = Debug|Any CPU
		{85F611BB-3C9D-476C-81FC-B04F0AFE3223}.AppStore|iPhoneSimulator.Build.0 = Debug|Any CPU
		{85F611BB-3C9D-476C-81FC-B04F0AFE3223}.AppStore|x64.ActiveCfg = Debug|Any CPU
		{85F611BB-3C9D-476C-81FC-B04F0AFE3223}.AppStore|x64.Build.0 = Debug|Any CPU
		{85F611BB-3C9D-476C-81FC-B04F0AFE3223}.AppStore|x86.ActiveCfg = Debug|Any CPU
		{85F611BB-3C9D-476C-81FC-B04F0AFE3223}.AppStore|x86.Build.0 = Debug|Any CPU
		{85F611BB-3C9D-476C-81FC-B04F0AFE3223}.Debug|Any CPU.ActiveCfg = Debug|Any CPU
		{85F611BB-3C9D-476C-81FC-B04F0AFE3223}.Debug|Any CPU.Build.0 = Debug|Any CPU
		{85F611BB-3C9D-476C-81FC-B04F0AFE3223}.Debug|ARM.ActiveCfg = Debug|Any CPU
		{85F611BB-3C9D-476C-81FC-B04F0AFE3223}.Debug|ARM.Build.0 = Debug|Any CPU
		{85F611BB-3C9D-476C-81FC-B04F0AFE3223}.Debug|iPhone.ActiveCfg = Debug|Any CPU
		{85F611BB-3C9D-476C-81FC-B04F0AFE3223}.Debug|iPhone.Build.0 = Debug|Any CPU
		{85F611BB-3C9D-476C-81FC-B04F0AFE3223}.Debug|iPhoneSimulator.ActiveCfg = Debug|Any CPU
		{85F611BB-3C9D-476C-81FC-B04F0AFE3223}.Debug|iPhoneSimulator.Build.0 = Debug|Any CPU
		{85F611BB-3C9D-476C-81FC-B04F0AFE3223}.Debug|x64.ActiveCfg = Debug|Any CPU
		{85F611BB-3C9D-476C-81FC-B04F0AFE3223}.Debug|x64.Build.0 = Debug|Any CPU
		{85F611BB-3C9D-476C-81FC-B04F0AFE3223}.Debug|x86.ActiveCfg = Debug|Any CPU
		{85F611BB-3C9D-476C-81FC-B04F0AFE3223}.Debug|x86.Build.0 = Debug|Any CPU
		{85F611BB-3C9D-476C-81FC-B04F0AFE3223}.Release|Any CPU.ActiveCfg = Release|Any CPU
		{85F611BB-3C9D-476C-81FC-B04F0AFE3223}.Release|Any CPU.Build.0 = Release|Any CPU
		{85F611BB-3C9D-476C-81FC-B04F0AFE3223}.Release|ARM.ActiveCfg = Release|Any CPU
		{85F611BB-3C9D-476C-81FC-B04F0AFE3223}.Release|ARM.Build.0 = Release|Any CPU
		{85F611BB-3C9D-476C-81FC-B04F0AFE3223}.Release|iPhone.ActiveCfg = Release|Any CPU
		{85F611BB-3C9D-476C-81FC-B04F0AFE3223}.Release|iPhone.Build.0 = Release|Any CPU
		{85F611BB-3C9D-476C-81FC-B04F0AFE3223}.Release|iPhoneSimulator.ActiveCfg = Release|Any CPU
		{85F611BB-3C9D-476C-81FC-B04F0AFE3223}.Release|iPhoneSimulator.Build.0 = Release|Any CPU
		{85F611BB-3C9D-476C-81FC-B04F0AFE3223}.Release|x64.ActiveCfg = Release|Any CPU
		{85F611BB-3C9D-476C-81FC-B04F0AFE3223}.Release|x64.Build.0 = Release|Any CPU
		{85F611BB-3C9D-476C-81FC-B04F0AFE3223}.Release|x86.ActiveCfg = Release|Any CPU
		{85F611BB-3C9D-476C-81FC-B04F0AFE3223}.Release|x86.Build.0 = Release|Any CPU
	EndGlobalSection
	GlobalSection(SolutionProperties) = preSolution
		HideSolutionNode = FALSE
	EndGlobalSection
	GlobalSection(NestedProjects) = preSolution
		{82164DE9-B68D-434D-ACF7-C80FCFE7AD4E} = {A229793F-7AC5-401E-B208-21E2F12B67ED}
		{A50AF4DC-827A-4307-864E-A943BDB02341} = {75D576CB-66A0-453A-8193-363412485CA6}
		{C176CE07-920B-44B9-B05B-5308C1CA81F3} = {75D576CB-66A0-453A-8193-363412485CA6}
		{E3A98386-ED70-48DE-B6C6-A44A266AD514} = {75D576CB-66A0-453A-8193-363412485CA6}
		{85F611BB-3C9D-476C-81FC-B04F0AFE3223} = {75D576CB-66A0-453A-8193-363412485CA6}
	EndGlobalSection
	GlobalSection(ExtensibilityGlobals) = postSolution
		SolutionGuid = {C3406E40-1A41-407A-B590-68F059400391}
	EndGlobalSection
EndGlobal
